// !$*UTF8*$!
{
	archiveVersion = 1;
	classes = {
	};
	objectVersion = 46;
	objects = {

/* Begin PBXBuildFile section */
		0859CDE31DD02F7500806F7F /* Speech_Bubble-50 copy.png in Resources */ = {isa = PBXBuildFile; fileRef = 0859CDE21DD02F7500806F7F /* Speech_Bubble-50 copy.png */; };
		100DCA101DF739C100C37558 /* GoogleService-Info.plist in Resources */ = {isa = PBXBuildFile; fileRef = 100DCA0F1DF739C100C37558 /* GoogleService-Info.plist */; };
		100DCA121DF744C300C37558 /* ktp riends logo.png in Resources */ = {isa = PBXBuildFile; fileRef = 100DCA111DF744C300C37558 /* ktp riends logo.png */; };
		362956DE1DD0217200A85D16 /* AppDelegate.swift in Sources */ = {isa = PBXBuildFile; fileRef = 362956DD1DD0217200A85D16 /* AppDelegate.swift */; };
		362956E01DD0217200A85D16 /* FirstViewController.swift in Sources */ = {isa = PBXBuildFile; fileRef = 362956DF1DD0217200A85D16 /* FirstViewController.swift */; };
		362956E21DD0217200A85D16 /* SecondViewController.swift in Sources */ = {isa = PBXBuildFile; fileRef = 362956E11DD0217200A85D16 /* SecondViewController.swift */; };
		362956E51DD0217200A85D16 /* Main.storyboard in Resources */ = {isa = PBXBuildFile; fileRef = 362956E31DD0217200A85D16 /* Main.storyboard */; };
		362956E71DD0217200A85D16 /* Assets.xcassets in Resources */ = {isa = PBXBuildFile; fileRef = 362956E61DD0217200A85D16 /* Assets.xcassets */; };
		362956EA1DD0217200A85D16 /* LaunchScreen.storyboard in Resources */ = {isa = PBXBuildFile; fileRef = 362956E81DD0217200A85D16 /* LaunchScreen.storyboard */; };
		362957151DD0260100A85D16 /* Calendar-50.png in Resources */ = {isa = PBXBuildFile; fileRef = 362957101DD0260100A85D16 /* Calendar-50.png */; };
		362957161DD0260100A85D16 /* Contacts-50.png in Resources */ = {isa = PBXBuildFile; fileRef = 362957111DD0260100A85D16 /* Contacts-50.png */; };
		362957181DD0260100A85D16 /* News-50.png in Resources */ = {isa = PBXBuildFile; fileRef = 362957131DD0260100A85D16 /* News-50.png */; };
		3629571A1DD0267C00A85D16 /* Home.png in Resources */ = {isa = PBXBuildFile; fileRef = 362957191DD0267C00A85D16 /* Home.png */; };
		3629571C1DD0274000A85D16 /* Appointment Reminders-50.png in Resources */ = {isa = PBXBuildFile; fileRef = 3629571B1DD0274000A85D16 /* Appointment Reminders-50.png */; };
		E1DE41101E94C75DCCDD2103 /* Pods_ktp_pledges.framework in Frameworks */ = {isa = PBXBuildFile; fileRef = 1DFD60A2E0CD0A527A54DEFC /* Pods_ktp_pledges.framework */; };
/* End PBXBuildFile section */

/* Begin PBXFileReference section */
		0859CDE21DD02F7500806F7F /* Speech_Bubble-50 copy.png */ = {isa = PBXFileReference; lastKnownFileType = image.png; name = "Speech_Bubble-50 copy.png"; path = "Archive/Speech_Bubble-50 copy.png"; sourceTree = SOURCE_ROOT; };
		100DCA0F1DF739C100C37558 /* GoogleService-Info.plist */ = {isa = PBXFileReference; fileEncoding = 4; lastKnownFileType = text.plist.xml; path = "GoogleService-Info.plist"; sourceTree = "<group>"; };
		100DCA111DF744C300C37558 /* ktp riends logo.png */ = {isa = PBXFileReference; lastKnownFileType = image.png; path = "ktp riends logo.png"; sourceTree = "<group>"; };
		1DFD60A2E0CD0A527A54DEFC /* Pods_ktp_pledges.framework */ = {isa = PBXFileReference; explicitFileType = wrapper.framework; includeInIndex = 0; path = Pods_ktp_pledges.framework; sourceTree = BUILT_PRODUCTS_DIR; };
		362956DA1DD0217200A85D16 /* ktp_pledges.app */ = {isa = PBXFileReference; explicitFileType = wrapper.application; includeInIndex = 0; path = ktp_pledges.app; sourceTree = BUILT_PRODUCTS_DIR; };
		362956DD1DD0217200A85D16 /* AppDelegate.swift */ = {isa = PBXFileReference; lastKnownFileType = sourcecode.swift; path = AppDelegate.swift; sourceTree = "<group>"; };
		362956DF1DD0217200A85D16 /* FirstViewController.swift */ = {isa = PBXFileReference; lastKnownFileType = sourcecode.swift; path = FirstViewController.swift; sourceTree = "<group>"; };
		362956E11DD0217200A85D16 /* SecondViewController.swift */ = {isa = PBXFileReference; lastKnownFileType = sourcecode.swift; path = SecondViewController.swift; sourceTree = "<group>"; };
		362956E41DD0217200A85D16 /* Base */ = {isa = PBXFileReference; lastKnownFileType = file.storyboard; name = Base; path = Base.lproj/Main.storyboard; sourceTree = "<group>"; };
		362956E61DD0217200A85D16 /* Assets.xcassets */ = {isa = PBXFileReference; lastKnownFileType = folder.assetcatalog; path = Assets.xcassets; sourceTree = "<group>"; };
		362956E91DD0217200A85D16 /* Base */ = {isa = PBXFileReference; lastKnownFileType = file.storyboard; name = Base; path = Base.lproj/LaunchScreen.storyboard; sourceTree = "<group>"; };
		362956EB1DD0217200A85D16 /* Info.plist */ = {isa = PBXFileReference; lastKnownFileType = text.plist.xml; path = Info.plist; sourceTree = "<group>"; };
		362957101DD0260100A85D16 /* Calendar-50.png */ = {isa = PBXFileReference; lastKnownFileType = image.png; name = "Calendar-50.png"; path = "Archive/Calendar-50.png"; sourceTree = SOURCE_ROOT; };
		362957111DD0260100A85D16 /* Contacts-50.png */ = {isa = PBXFileReference; lastKnownFileType = image.png; name = "Contacts-50.png"; path = "Archive/Contacts-50.png"; sourceTree = SOURCE_ROOT; };
		362957131DD0260100A85D16 /* News-50.png */ = {isa = PBXFileReference; lastKnownFileType = image.png; name = "News-50.png"; path = "Archive/News-50.png"; sourceTree = SOURCE_ROOT; };
		362957191DD0267C00A85D16 /* Home.png */ = {isa = PBXFileReference; lastKnownFileType = image.png; name = Home.png; path = Archive/Home.png; sourceTree = SOURCE_ROOT; };
		3629571B1DD0274000A85D16 /* Appointment Reminders-50.png */ = {isa = PBXFileReference; lastKnownFileType = image.png; name = "Appointment Reminders-50.png"; path = "Archive/Appointment Reminders-50.png"; sourceTree = SOURCE_ROOT; };
		A2A7F3673DF017D504F2E52E /* Pods-ktp_pledges.release.xcconfig */ = {isa = PBXFileReference; includeInIndex = 1; lastKnownFileType = text.xcconfig; name = "Pods-ktp_pledges.release.xcconfig"; path = "Pods/Target Support Files/Pods-ktp_pledges/Pods-ktp_pledges.release.xcconfig"; sourceTree = "<group>"; };
		AACE98B91DED286900EF4950 /* ktp_pledges.entitlements */ = {isa = PBXFileReference; lastKnownFileType = text.plist.entitlements; path = ktp_pledges.entitlements; sourceTree = "<group>"; };
		D4EB08240960A3FFC2FBDF4D /* Pods-ktp_pledges.debug.xcconfig */ = {isa = PBXFileReference; includeInIndex = 1; lastKnownFileType = text.xcconfig; name = "Pods-ktp_pledges.debug.xcconfig"; path = "Pods/Target Support Files/Pods-ktp_pledges/Pods-ktp_pledges.debug.xcconfig"; sourceTree = "<group>"; };
/* End PBXFileReference section */

/* Begin PBXFrameworksBuildPhase section */
		362956D71DD0217100A85D16 /* Frameworks */ = {
			isa = PBXFrameworksBuildPhase;
			buildActionMask = 2147483647;
			files = (
				E1DE41101E94C75DCCDD2103 /* Pods_ktp_pledges.framework in Frameworks */,
			);
			runOnlyForDeploymentPostprocessing = 0;
		};
/* End PBXFrameworksBuildPhase section */

/* Begin PBXGroup section */
		362956D11DD0217100A85D16 = {
			isa = PBXGroup;
			children = (
				362956DC1DD0217200A85D16 /* ktp_pledges */,
				362956DB1DD0217200A85D16 /* Products */,
				DAECADC699942F3345A0D5F5 /* Pods */,
				B2BAAD92114146C5E1E7F0A4 /* Frameworks */,
			);
			sourceTree = "<group>";
		};
		362956DB1DD0217200A85D16 /* Products */ = {
			isa = PBXGroup;
			children = (
				362956DA1DD0217200A85D16 /* ktp_pledges.app */,
			);
			name = Products;
			sourceTree = "<group>";
		};
		362956DC1DD0217200A85D16 /* ktp_pledges */ = {
			isa = PBXGroup;
			children = (
				AACE98B91DED286900EF4950 /* ktp_pledges.entitlements */,
				362956DD1DD0217200A85D16 /* AppDelegate.swift */,
				362956DF1DD0217200A85D16 /* FirstViewController.swift */,
				362956E11DD0217200A85D16 /* SecondViewController.swift */,
				362956E31DD0217200A85D16 /* Main.storyboard */,
				362957191DD0267C00A85D16 /* Home.png */,
				3629571B1DD0274000A85D16 /* Appointment Reminders-50.png */,
				0859CDE21DD02F7500806F7F /* Speech_Bubble-50 copy.png */,
				362957101DD0260100A85D16 /* Calendar-50.png */,
				362957111DD0260100A85D16 /* Contacts-50.png */,
				362957131DD0260100A85D16 /* News-50.png */,
				362956E61DD0217200A85D16 /* Assets.xcassets */,
				362956E81DD0217200A85D16 /* LaunchScreen.storyboard */,
				362956EB1DD0217200A85D16 /* Info.plist */,
				100DCA0F1DF739C100C37558 /* GoogleService-Info.plist */,
				100DCA111DF744C300C37558 /* ktp riends logo.png */,
			);
			path = ktp_pledges;
			sourceTree = "<group>";
		};
		B2BAAD92114146C5E1E7F0A4 /* Frameworks */ = {
			isa = PBXGroup;
			children = (
				1DFD60A2E0CD0A527A54DEFC /* Pods_ktp_pledges.framework */,
			);
			name = Frameworks;
			sourceTree = "<group>";
		};
		DAECADC699942F3345A0D5F5 /* Pods */ = {
			isa = PBXGroup;
			children = (
				D4EB08240960A3FFC2FBDF4D /* Pods-ktp_pledges.debug.xcconfig */,
				A2A7F3673DF017D504F2E52E /* Pods-ktp_pledges.release.xcconfig */,
			);
			name = Pods;
			sourceTree = "<group>";
		};
/* End PBXGroup section */

/* Begin PBXNativeTarget section */
		362956D91DD0217100A85D16 /* ktp_pledges */ = {
			isa = PBXNativeTarget;
			buildConfigurationList = 362956EE1DD0217200A85D16 /* Build configuration list for PBXNativeTarget "ktp_pledges" */;
			buildPhases = (
				301689D2847B1FC3B723783B /* [CP] Check Pods Manifest.lock */,
				362956D61DD0217100A85D16 /* Sources */,
				362956D71DD0217100A85D16 /* Frameworks */,
				362956D81DD0217100A85D16 /* Resources */,
				280A352B974E88789AD9119E /* [CP] Embed Pods Frameworks */,
				76E4851DB186F95DB46E3542 /* [CP] Copy Pods Resources */,
			);
			buildRules = (
			);
			dependencies = (
			);
			name = ktp_pledges;
			productName = ktp_pledges;
			productReference = 362956DA1DD0217200A85D16 /* ktp_pledges.app */;
			productType = "com.apple.product-type.application";
		};
/* End PBXNativeTarget section */

/* Begin PBXProject section */
		362956D21DD0217100A85D16 /* Project object */ = {
			isa = PBXProject;
			attributes = {
				LastSwiftUpdateCheck = 0800;
				LastUpgradeCheck = 0800;
				ORGANIZATIONNAME = "Joe Kunnath";
				TargetAttributes = {
					362956D91DD0217100A85D16 = {
						CreatedOnToolsVersion = 8.0;
						DevelopmentTeam = MBY6GR3EC8;
						ProvisioningStyle = Automatic;
						SystemCapabilities = {
							com.apple.Keychain = {
								enabled = 1;
							};
						};
					};
				};
			};
			buildConfigurationList = 362956D51DD0217100A85D16 /* Build configuration list for PBXProject "ktp_pledges" */;
			compatibilityVersion = "Xcode 3.2";
			developmentRegion = English;
			hasScannedForEncodings = 0;
			knownRegions = (
				en,
				Base,
			);
			mainGroup = 362956D11DD0217100A85D16;
			productRefGroup = 362956DB1DD0217200A85D16 /* Products */;
			projectDirPath = "";
			projectRoot = "";
			targets = (
				362956D91DD0217100A85D16 /* ktp_pledges */,
			);
		};
/* End PBXProject section */

/* Begin PBXResourcesBuildPhase section */
		362956D81DD0217100A85D16 /* Resources */ = {
			isa = PBXResourcesBuildPhase;
			buildActionMask = 2147483647;
			files = (
				0859CDE31DD02F7500806F7F /* Speech_Bubble-50 copy.png in Resources */,
				3629571A1DD0267C00A85D16 /* Home.png in Resources */,
				3629571C1DD0274000A85D16 /* Appointment Reminders-50.png in Resources */,
				362956EA1DD0217200A85D16 /* LaunchScreen.storyboard in Resources */,
				100DCA121DF744C300C37558 /* ktp riends logo.png in Resources */,
				362957161DD0260100A85D16 /* Contacts-50.png in Resources */,
				362957151DD0260100A85D16 /* Calendar-50.png in Resources */,
				362957181DD0260100A85D16 /* News-50.png in Resources */,
				100DCA101DF739C100C37558 /* GoogleService-Info.plist in Resources */,
				362956E71DD0217200A85D16 /* Assets.xcassets in Resources */,
				362956E51DD0217200A85D16 /* Main.storyboard in Resources */,
			);
			runOnlyForDeploymentPostprocessing = 0;
		};
/* End PBXResourcesBuildPhase section */

/* Begin PBXShellScriptBuildPhase section */
		280A352B974E88789AD9119E /* [CP] Embed Pods Frameworks */ = {
			isa = PBXShellScriptBuildPhase;
			buildActionMask = 2147483647;
			files = (
			);
			inputPaths = (
			);
			name = "[CP] Embed Pods Frameworks";
			outputPaths = (
			);
			runOnlyForDeploymentPostprocessing = 0;
			shellPath = /bin/sh;
			shellScript = "\"${SRCROOT}/Pods/Target Support Files/Pods-ktp_pledges/Pods-ktp_pledges-frameworks.sh\"\n";
			showEnvVarsInLog = 0;
		};
		301689D2847B1FC3B723783B /* [CP] Check Pods Manifest.lock */ = {
			isa = PBXShellScriptBuildPhase;
			buildActionMask = 2147483647;
			files = (
			);
			inputPaths = (
			);
			name = "[CP] Check Pods Manifest.lock";
			outputPaths = (
			);
			runOnlyForDeploymentPostprocessing = 0;
			shellPath = /bin/sh;
			shellScript = "diff \"${PODS_ROOT}/../Podfile.lock\" \"${PODS_ROOT}/Manifest.lock\" > /dev/null\nif [ $? != 0 ] ; then\n    # print error to STDERR\n    echo \"error: The sandbox is not in sync with the Podfile.lock. Run 'pod install' or update your CocoaPods installation.\" >&2\n    exit 1\nfi\n";
			showEnvVarsInLog = 0;
		};
		76E4851DB186F95DB46E3542 /* [CP] Copy Pods Resources */ = {
			isa = PBXShellScriptBuildPhase;
			buildActionMask = 2147483647;
			files = (
			);
			inputPaths = (
			);
			name = "[CP] Copy Pods Resources";
			outputPaths = (
			);
			runOnlyForDeploymentPostprocessing = 0;
			shellPath = /bin/sh;
			shellScript = "\"${SRCROOT}/Pods/Target Support Files/Pods-ktp_pledges/Pods-ktp_pledges-resources.sh\"\n";
			showEnvVarsInLog = 0;
		};
/* End PBXShellScriptBuildPhase section */

/* Begin PBXSourcesBuildPhase section */
		362956D61DD0217100A85D16 /* Sources */ = {
			isa = PBXSourcesBuildPhase;
			buildActionMask = 2147483647;
			files = (
				362956E21DD0217200A85D16 /* SecondViewController.swift in Sources */,
				362956DE1DD0217200A85D16 /* AppDelegate.swift in Sources */,
				362956E01DD0217200A85D16 /* FirstViewController.swift in Sources */,
			);
			runOnlyForDeploymentPostprocessing = 0;
		};
/* End PBXSourcesBuildPhase section */

/* Begin PBXVariantGroup section */
		362956E31DD0217200A85D16 /* Main.storyboard */ = {
			isa = PBXVariantGroup;
			children = (
				362956E41DD0217200A85D16 /* Base */,
			);
			name = Main.storyboard;
			sourceTree = "<group>";
		};
		362956E81DD0217200A85D16 /* LaunchScreen.storyboard */ = {
			isa = PBXVariantGroup;
			children = (
				362956E91DD0217200A85D16 /* Base */,
			);
			name = LaunchScreen.storyboard;
			sourceTree = "<group>";
		};
/* End PBXVariantGroup section */

/* Begin XCBuildConfiguration section */
		362956EC1DD0217200A85D16 /* Debug */ = {
			isa = XCBuildConfiguration;
			buildSettings = {
				ALWAYS_SEARCH_USER_PATHS = NO;
				CLANG_ANALYZER_NONNULL = YES;
				CLANG_CXX_LANGUAGE_STANDARD = "gnu++0x";
				CLANG_CXX_LIBRARY = "libc++";
				CLANG_ENABLE_MODULES = YES;
				CLANG_ENABLE_OBJC_ARC = YES;
				CLANG_WARN_BOOL_CONVERSION = YES;
				CLANG_WARN_CONSTANT_CONVERSION = YES;
				CLANG_WARN_DIRECT_OBJC_ISA_USAGE = YES_ERROR;
				CLANG_WARN_DOCUMENTATION_COMMENTS = YES;
				CLANG_WARN_EMPTY_BODY = YES;
				CLANG_WARN_ENUM_CONVERSION = YES;
				CLANG_WARN_INFINITE_RECURSION = YES;
				CLANG_WARN_INT_CONVERSION = YES;
				CLANG_WARN_OBJC_ROOT_CLASS = YES_ERROR;
				CLANG_WARN_SUSPICIOUS_MOVES = YES;
				CLANG_WARN_UNREACHABLE_CODE = YES;
				CLANG_WARN__DUPLICATE_METHOD_MATCH = YES;
				"CODE_SIGN_IDENTITY[sdk=iphoneos*]" = "iPhone Developer";
				COPY_PHASE_STRIP = NO;
				DEBUG_INFORMATION_FORMAT = dwarf;
				ENABLE_STRICT_OBJC_MSGSEND = YES;
				ENABLE_TESTABILITY = YES;
				GCC_C_LANGUAGE_STANDARD = gnu99;
				GCC_DYNAMIC_NO_PIC = NO;
				GCC_NO_COMMON_BLOCKS = YES;
				GCC_OPTIMIZATION_LEVEL = 0;
				GCC_PREPROCESSOR_DEFINITIONS = (
					"DEBUG=1",
					"$(inherited)",
				);
				GCC_WARN_64_TO_32_BIT_CONVERSION = YES;
				GCC_WARN_ABOUT_RETURN_TYPE = YES_ERROR;
				GCC_WARN_UNDECLARED_SELECTOR = YES;
				GCC_WARN_UNINITIALIZED_AUTOS = YES_AGGRESSIVE;
				GCC_WARN_UNUSED_FUNCTION = YES;
				GCC_WARN_UNUSED_VARIABLE = YES;
				IPHONEOS_DEPLOYMENT_TARGET = 10.0;
				MTL_ENABLE_DEBUG_INFO = YES;
				ONLY_ACTIVE_ARCH = YES;
				SDKROOT = iphoneos;
				SWIFT_ACTIVE_COMPILATION_CONDITIONS = DEBUG;
				SWIFT_OPTIMIZATION_LEVEL = "-Onone";
			};
			name = Debug;
		};
		362956ED1DD0217200A85D16 /* Release */ = {
			isa = XCBuildConfiguration;
			buildSettings = {
				ALWAYS_SEARCH_USER_PATHS = NO;
				CLANG_ANALYZER_NONNULL = YES;
				CLANG_CXX_LANGUAGE_STANDARD = "gnu++0x";
				CLANG_CXX_LIBRARY = "libc++";
				CLANG_ENABLE_MODULES = YES;
				CLANG_ENABLE_OBJC_ARC = YES;
				CLANG_WARN_BOOL_CONVERSION = YES;
				CLANG_WARN_CONSTANT_CONVERSION = YES;
				CLANG_WARN_DIRECT_OBJC_ISA_USAGE = YES_ERROR;
				CLANG_WARN_DOCUMENTATION_COMMENTS = YES;
				CLANG_WARN_EMPTY_BODY = YES;
				CLANG_WARN_ENUM_CONVERSION = YES;
				CLANG_WARN_INFINITE_RECURSION = YES;
				CLANG_WARN_INT_CONVERSION = YES;
				CLANG_WARN_OBJC_ROOT_CLASS = YES_ERROR;
				CLANG_WARN_SUSPICIOUS_MOVES = YES;
				CLANG_WARN_UNREACHABLE_CODE = YES;
				CLANG_WARN__DUPLICATE_METHOD_MATCH = YES;
				"CODE_SIGN_IDENTITY[sdk=iphoneos*]" = "iPhone Developer";
				COPY_PHASE_STRIP = NO;
				DEBUG_INFORMATION_FORMAT = "dwarf-with-dsym";
				ENABLE_NS_ASSERTIONS = NO;
				ENABLE_STRICT_OBJC_MSGSEND = YES;
				GCC_C_LANGUAGE_STANDARD = gnu99;
				GCC_NO_COMMON_BLOCKS = YES;
				GCC_WARN_64_TO_32_BIT_CONVERSION = YES;
				GCC_WARN_ABOUT_RETURN_TYPE = YES_ERROR;
				GCC_WARN_UNDECLARED_SELECTOR = YES;
				GCC_WARN_UNINITIALIZED_AUTOS = YES_AGGRESSIVE;
				GCC_WARN_UNUSED_FUNCTION = YES;
				GCC_WARN_UNUSED_VARIABLE = YES;
				IPHONEOS_DEPLOYMENT_TARGET = 10.0;
				MTL_ENABLE_DEBUG_INFO = NO;
				SDKROOT = iphoneos;
				SWIFT_OPTIMIZATION_LEVEL = "-Owholemodule";
				VALIDATE_PRODUCT = YES;
			};
			name = Release;
		};
		362956EF1DD0217200A85D16 /* Debug */ = {
			isa = XCBuildConfiguration;
			baseConfigurationReference = D4EB08240960A3FFC2FBDF4D /* Pods-ktp_pledges.debug.xcconfig */;
			buildSettings = {
				ASSETCATALOG_COMPILER_APPICON_NAME = AppIcon;
				CODE_SIGN_ENTITLEMENTS = ktp_pledges/ktp_pledges.entitlements;
				"CODE_SIGN_IDENTITY[sdk=iphoneos*]" = "iPhone Developer";
				DEVELOPMENT_TEAM = MBY6GR3EC8;
				INFOPLIST_FILE = ktp_pledges/Info.plist;
				LD_RUNPATH_SEARCH_PATHS = "$(inherited) @executable_path/Frameworks";
				PRODUCT_BUNDLE_IDENTIFIER = "edu.umich.ethan.ktp-pledges";
				PRODUCT_NAME = "$(TARGET_NAME)";
				SWIFT_VERSION = 3.0;
				TARGETED_DEVICE_FAMILY = 1;
			};
			name = Debug;
		};
		362956F01DD0217200A85D16 /* Release */ = {
			isa = XCBuildConfiguration;
			baseConfigurationReference = A2A7F3673DF017D504F2E52E /* Pods-ktp_pledges.release.xcconfig */;
			buildSettings = {
				ASSETCATALOG_COMPILER_APPICON_NAME = AppIcon;
				CODE_SIGN_ENTITLEMENTS = ktp_pledges/ktp_pledges.entitlements;
				"CODE_SIGN_IDENTITY[sdk=iphoneos*]" = "iPhone Developer";
				DEVELOPMENT_TEAM = MBY6GR3EC8;
				INFOPLIST_FILE = ktp_pledges/Info.plist;
				LD_RUNPATH_SEARCH_PATHS = "$(inherited) @executable_path/Frameworks";
				PRODUCT_BUNDLE_IDENTIFIER = "edu.umich.ethan.ktp-pledges";
				PRODUCT_NAME = "$(TARGET_NAME)";
				SWIFT_VERSION = 3.0;
				TARGETED_DEVICE_FAMILY = 1;
			};
			name = Release;
		};
/* End XCBuildConfiguration section */

/* Begin XCConfigurationList section */
		362956D51DD0217100A85D16 /* Build configuration list for PBXProject "ktp_pledges" */ = {
			isa = XCConfigurationList;
			buildConfigurations = (
				362956EC1DD0217200A85D16 /* Debug */,
				362956ED1DD0217200A85D16 /* Release */,
			);
			defaultConfigurationIsVisible = 0;
			defaultConfigurationName = Release;
		};
		362956EE1DD0217200A85D16 /* Build configuration list for PBXNativeTarget "ktp_pledges" */ = {
			isa = XCConfigurationList;
			buildConfigurations = (
				362956EF1DD0217200A85D16 /* Debug */,
				362956F01DD0217200A85D16 /* Release */,
			);
			defaultConfigurationIsVisible = 0;
			defaultConfigurationName = Release;
		};
/* End XCConfigurationList section */
	};
	rootObject = 362956D21DD0217100A85D16 /* Project object */;
}
